// !$*UTF8*$!
{
	archiveVersion = 1;
	classes = {
	};
	objectVersion = 46;
	objects = {

/* Begin PBXBuildFile section */
		7BF2DA65CF5C0266FFF5921C /* libPods.a in Frameworks */ = {isa = PBXBuildFile; fileRef = 03DD6A2DF67B2D00926DC2E0 /* libPods.a */; };
		AF16814A1BD4670A0064BBF3 /* CommentTableViewController.m in Sources */ = {isa = PBXBuildFile; fileRef = AF1681491BD4670A0064BBF3 /* CommentTableViewController.m */; };
		AF16814D1BD467A20064BBF3 /* WriteCommentsViewController.m in Sources */ = {isa = PBXBuildFile; fileRef = AF16814C1BD467A20064BBF3 /* WriteCommentsViewController.m */; };
		AF1681501BD467F80064BBF3 /* CommentsTableViewCell.m in Sources */ = {isa = PBXBuildFile; fileRef = AF16814F1BD467F80064BBF3 /* CommentsTableViewCell.m */; };
		AF1681611BD485E60064BBF3 /* DetailEntity+CoreDataProperties.m in Sources */ = {isa = PBXBuildFile; fileRef = AF16815E1BD485E60064BBF3 /* DetailEntity+CoreDataProperties.m */; };
		AF1681621BD485E60064BBF3 /* DetailEntity.m in Sources */ = {isa = PBXBuildFile; fileRef = AF1681601BD485E60064BBF3 /* DetailEntity.m */; };
		AF16816D1BD486100064BBF3 /* LikeEntity+CoreDataProperties.m in Sources */ = {isa = PBXBuildFile; fileRef = AF16816A1BD486100064BBF3 /* LikeEntity+CoreDataProperties.m */; };
		AF16816E1BD486100064BBF3 /* LikeEntity.m in Sources */ = {isa = PBXBuildFile; fileRef = AF16816C1BD486100064BBF3 /* LikeEntity.m */; };
		AF9305F51BD1F4E400147A15 /* main.m in Sources */ = {isa = PBXBuildFile; fileRef = AF9305F41BD1F4E400147A15 /* main.m */; };
		AF9305F81BD1F4E400147A15 /* AppDelegate.m in Sources */ = {isa = PBXBuildFile; fileRef = AF9305F71BD1F4E400147A15 /* AppDelegate.m */; };
		AF9305FB1BD1F4E400147A15 /* MainViewController.m in Sources */ = {isa = PBXBuildFile; fileRef = AF9305FA1BD1F4E400147A15 /* MainViewController.m */; };
		AF9305FE1BD1F4E400147A15 /* Main.storyboard in Resources */ = {isa = PBXBuildFile; fileRef = AF9305FC1BD1F4E400147A15 /* Main.storyboard */; };
		AF9306011BD1F4E400147A15 /* MusicAppDemo.xcdatamodeld in Sources */ = {isa = PBXBuildFile; fileRef = AF9305FF1BD1F4E400147A15 /* MusicAppDemo.xcdatamodeld */; };
		AF9306031BD1F4E400147A15 /* Assets.xcassets in Resources */ = {isa = PBXBuildFile; fileRef = AF9306021BD1F4E400147A15 /* Assets.xcassets */; };
		AF9306061BD1F4E400147A15 /* LaunchScreen.storyboard in Resources */ = {isa = PBXBuildFile; fileRef = AF9306041BD1F4E400147A15 /* LaunchScreen.storyboard */; };
		AF9306111BD1F4E400147A15 /* MusicAppDemoTests.m in Sources */ = {isa = PBXBuildFile; fileRef = AF9306101BD1F4E400147A15 /* MusicAppDemoTests.m */; };
		AF93061C1BD1F4E400147A15 /* MusicAppDemoUITests.m in Sources */ = {isa = PBXBuildFile; fileRef = AF93061B1BD1F4E400147A15 /* MusicAppDemoUITests.m */; };
		AFFADF141BD2B9DC00D3F3E2 /* PlayListTableViewController.m in Sources */ = {isa = PBXBuildFile; fileRef = AFFADF131BD2B9DC00D3F3E2 /* PlayListTableViewController.m */; };
		AFFADF1D1BD2D0CD00D3F3E2 /* FetchWebData.m in Sources */ = {isa = PBXBuildFile; fileRef = AFFADF1C1BD2D0CD00D3F3E2 /* FetchWebData.m */; };
		AFFADF1F1BD2D0EE00D3F3E2 /* podFile in Resources */ = {isa = PBXBuildFile; fileRef = AFFADF1E1BD2D0EE00D3F3E2 /* podFile */; };
		AFFADF221BD2D47300D3F3E2 /* mainTableViewCell.m in Sources */ = {isa = PBXBuildFile; fileRef = AFFADF211BD2D47300D3F3E2 /* mainTableViewCell.m */; };
		AFFADF251BD2EE4300D3F3E2 /* DetailViewController.m in Sources */ = {isa = PBXBuildFile; fileRef = AFFADF241BD2EE4300D3F3E2 /* DetailViewController.m */; };
		AFFADF271BD2F2F100D3F3E2 /* AVFoundation.framework in Frameworks */ = {isa = PBXBuildFile; fileRef = AFFADF261BD2F2F100D3F3E2 /* AVFoundation.framework */; };
		AFFADF2A1BD2F6F100D3F3E2 /* CoreDataProcess.m in Sources */ = {isa = PBXBuildFile; fileRef = AFFADF291BD2F6F100D3F3E2 /* CoreDataProcess.m */; };
		AFFADF321BD3DFB100D3F3E2 /* MediaPlayer.framework in Frameworks */ = {isa = PBXBuildFile; fileRef = AFFADF311BD3DFB100D3F3E2 /* MediaPlayer.framework */; };
/* End PBXBuildFile section */

/* Begin PBXContainerItemProxy section */
		AF93060D1BD1F4E400147A15 /* PBXContainerItemProxy */ = {
			isa = PBXContainerItemProxy;
			containerPortal = AF9305E81BD1F4E400147A15 /* Project object */;
			proxyType = 1;
			remoteGlobalIDString = AF9305EF1BD1F4E400147A15;
			remoteInfo = MusicAppDemo;
		};
		AF9306181BD1F4E400147A15 /* PBXContainerItemProxy */ = {
			isa = PBXContainerItemProxy;
			containerPortal = AF9305E81BD1F4E400147A15 /* Project object */;
			proxyType = 1;
			remoteGlobalIDString = AF9305EF1BD1F4E400147A15;
			remoteInfo = MusicAppDemo;
		};
/* End PBXContainerItemProxy section */

/* Begin PBXFileReference section */
		03DD6A2DF67B2D00926DC2E0 /* libPods.a */ = {isa = PBXFileReference; explicitFileType = archive.ar; includeInIndex = 0; path = libPods.a; sourceTree = BUILT_PRODUCTS_DIR; };
		845987FBAEB42973A42F143D /* Pods.release.xcconfig */ = {isa = PBXFileReference; includeInIndex = 1; lastKnownFileType = text.xcconfig; name = Pods.release.xcconfig; path = "Pods/Target Support Files/Pods/Pods.release.xcconfig"; sourceTree = "<group>"; };
		AF1681481BD4670A0064BBF3 /* CommentTableViewController.h */ = {isa = PBXFileReference; fileEncoding = 4; lastKnownFileType = sourcecode.c.h; path = CommentTableViewController.h; sourceTree = "<group>"; };
		AF1681491BD4670A0064BBF3 /* CommentTableViewController.m */ = {isa = PBXFileReference; fileEncoding = 4; lastKnownFileType = sourcecode.c.objc; path = CommentTableViewController.m; sourceTree = "<group>"; };
		AF16814B1BD467A20064BBF3 /* WriteCommentsViewController.h */ = {isa = PBXFileReference; fileEncoding = 4; lastKnownFileType = sourcecode.c.h; path = WriteCommentsViewController.h; sourceTree = "<group>"; };
		AF16814C1BD467A20064BBF3 /* WriteCommentsViewController.m */ = {isa = PBXFileReference; fileEncoding = 4; lastKnownFileType = sourcecode.c.objc; path = WriteCommentsViewController.m; sourceTree = "<group>"; };
		AF16814E1BD467F80064BBF3 /* CommentsTableViewCell.h */ = {isa = PBXFileReference; fileEncoding = 4; lastKnownFileType = sourcecode.c.h; path = CommentsTableViewCell.h; sourceTree = "<group>"; };
		AF16814F1BD467F80064BBF3 /* CommentsTableViewCell.m */ = {isa = PBXFileReference; fileEncoding = 4; lastKnownFileType = sourcecode.c.objc; path = CommentsTableViewCell.m; sourceTree = "<group>"; };
		AF16815D1BD485E60064BBF3 /* DetailEntity+CoreDataProperties.h */ = {isa = PBXFileReference; fileEncoding = 4; lastKnownFileType = sourcecode.c.h; path = "DetailEntity+CoreDataProperties.h"; sourceTree = "<group>"; };
		AF16815E1BD485E60064BBF3 /* DetailEntity+CoreDataProperties.m */ = {isa = PBXFileReference; fileEncoding = 4; lastKnownFileType = sourcecode.c.objc; path = "DetailEntity+CoreDataProperties.m"; sourceTree = "<group>"; };
		AF16815F1BD485E60064BBF3 /* DetailEntity.h */ = {isa = PBXFileReference; fileEncoding = 4; lastKnownFileType = sourcecode.c.h; path = DetailEntity.h; sourceTree = "<group>"; };
		AF1681601BD485E60064BBF3 /* DetailEntity.m */ = {isa = PBXFileReference; fileEncoding = 4; lastKnownFileType = sourcecode.c.objc; path = DetailEntity.m; sourceTree = "<group>"; };
		AF1681691BD486100064BBF3 /* LikeEntity+CoreDataProperties.h */ = {isa = PBXFileReference; fileEncoding = 4; lastKnownFileType = sourcecode.c.h; path = "LikeEntity+CoreDataProperties.h"; sourceTree = "<group>"; };
		AF16816A1BD486100064BBF3 /* LikeEntity+CoreDataProperties.m */ = {isa = PBXFileReference; fileEncoding = 4; lastKnownFileType = sourcecode.c.objc; path = "LikeEntity+CoreDataProperties.m"; sourceTree = "<group>"; };
		AF16816B1BD486100064BBF3 /* LikeEntity.h */ = {isa = PBXFileReference; fileEncoding = 4; lastKnownFileType = sourcecode.c.h; path = LikeEntity.h; sourceTree = "<group>"; };
		AF16816C1BD486100064BBF3 /* LikeEntity.m */ = {isa = PBXFileReference; fileEncoding = 4; lastKnownFileType = sourcecode.c.objc; path = LikeEntity.m; sourceTree = "<group>"; };
		AF9305F01BD1F4E400147A15 /* MusicAppDemo.app */ = {isa = PBXFileReference; explicitFileType = wrapper.application; includeInIndex = 0; path = MusicAppDemo.app; sourceTree = BUILT_PRODUCTS_DIR; };
		AF9305F41BD1F4E400147A15 /* main.m */ = {isa = PBXFileReference; lastKnownFileType = sourcecode.c.objc; path = main.m; sourceTree = "<group>"; };
		AF9305F61BD1F4E400147A15 /* AppDelegate.h */ = {isa = PBXFileReference; lastKnownFileType = sourcecode.c.h; path = AppDelegate.h; sourceTree = "<group>"; };
		AF9305F71BD1F4E400147A15 /* AppDelegate.m */ = {isa = PBXFileReference; lastKnownFileType = sourcecode.c.objc; path = AppDelegate.m; sourceTree = "<group>"; };
		AF9305F91BD1F4E400147A15 /* MainViewController.h */ = {isa = PBXFileReference; lastKnownFileType = sourcecode.c.h; path = MainViewController.h; sourceTree = "<group>"; };
		AF9305FA1BD1F4E400147A15 /* MainViewController.m */ = {isa = PBXFileReference; lastKnownFileType = sourcecode.c.objc; path = MainViewController.m; sourceTree = "<group>"; };
		AF9305FD1BD1F4E400147A15 /* Base */ = {isa = PBXFileReference; lastKnownFileType = file.storyboard; name = Base; path = Base.lproj/Main.storyboard; sourceTree = "<group>"; };
		AF9306001BD1F4E400147A15 /* MusicAppDemo.xcdatamodel */ = {isa = PBXFileReference; lastKnownFileType = wrapper.xcdatamodel; path = MusicAppDemo.xcdatamodel; sourceTree = "<group>"; };
		AF9306021BD1F4E400147A15 /* Assets.xcassets */ = {isa = PBXFileReference; lastKnownFileType = folder.assetcatalog; path = Assets.xcassets; sourceTree = "<group>"; };
		AF9306051BD1F4E400147A15 /* Base */ = {isa = PBXFileReference; lastKnownFileType = file.storyboard; name = Base; path = Base.lproj/LaunchScreen.storyboard; sourceTree = "<group>"; };
		AF9306071BD1F4E400147A15 /* Info.plist */ = {isa = PBXFileReference; lastKnownFileType = text.plist.xml; path = Info.plist; sourceTree = "<group>"; };
		AF93060C1BD1F4E400147A15 /* MusicAppDemoTests.xctest */ = {isa = PBXFileReference; explicitFileType = wrapper.cfbundle; includeInIndex = 0; path = MusicAppDemoTests.xctest; sourceTree = BUILT_PRODUCTS_DIR; };
		AF9306101BD1F4E400147A15 /* MusicAppDemoTests.m */ = {isa = PBXFileReference; lastKnownFileType = sourcecode.c.objc; path = MusicAppDemoTests.m; sourceTree = "<group>"; };
		AF9306121BD1F4E400147A15 /* Info.plist */ = {isa = PBXFileReference; lastKnownFileType = text.plist.xml; path = Info.plist; sourceTree = "<group>"; };
		AF9306171BD1F4E400147A15 /* MusicAppDemoUITests.xctest */ = {isa = PBXFileReference; explicitFileType = wrapper.cfbundle; includeInIndex = 0; path = MusicAppDemoUITests.xctest; sourceTree = BUILT_PRODUCTS_DIR; };
		AF93061B1BD1F4E400147A15 /* MusicAppDemoUITests.m */ = {isa = PBXFileReference; lastKnownFileType = sourcecode.c.objc; path = MusicAppDemoUITests.m; sourceTree = "<group>"; };
		AF93061D1BD1F4E400147A15 /* Info.plist */ = {isa = PBXFileReference; lastKnownFileType = text.plist.xml; path = Info.plist; sourceTree = "<group>"; };
		AFFADF121BD2B9DC00D3F3E2 /* PlayListTableViewController.h */ = {isa = PBXFileReference; fileEncoding = 4; lastKnownFileType = sourcecode.c.h; path = PlayListTableViewController.h; sourceTree = "<group>"; };
		AFFADF131BD2B9DC00D3F3E2 /* PlayListTableViewController.m */ = {isa = PBXFileReference; fileEncoding = 4; lastKnownFileType = sourcecode.c.objc; path = PlayListTableViewController.m; sourceTree = "<group>"; };
		AFFADF1B1BD2D0CD00D3F3E2 /* FetchWebData.h */ = {isa = PBXFileReference; fileEncoding = 4; lastKnownFileType = sourcecode.c.h; path = FetchWebData.h; sourceTree = "<group>"; };
		AFFADF1C1BD2D0CD00D3F3E2 /* FetchWebData.m */ = {isa = PBXFileReference; fileEncoding = 4; lastKnownFileType = sourcecode.c.objc; path = FetchWebData.m; sourceTree = "<group>"; };
		AFFADF1E1BD2D0EE00D3F3E2 /* podFile */ = {isa = PBXFileReference; fileEncoding = 4; lastKnownFileType = text; path = podFile; sourceTree = "<group>"; };
		AFFADF201BD2D47300D3F3E2 /* mainTableViewCell.h */ = {isa = PBXFileReference; fileEncoding = 4; lastKnownFileType = sourcecode.c.h; path = mainTableViewCell.h; sourceTree = "<group>"; };
		AFFADF211BD2D47300D3F3E2 /* mainTableViewCell.m */ = {isa = PBXFileReference; fileEncoding = 4; lastKnownFileType = sourcecode.c.objc; path = mainTableViewCell.m; sourceTree = "<group>"; };
		AFFADF231BD2EE4300D3F3E2 /* DetailViewController.h */ = {isa = PBXFileReference; fileEncoding = 4; lastKnownFileType = sourcecode.c.h; path = DetailViewController.h; sourceTree = "<group>"; };
		AFFADF241BD2EE4300D3F3E2 /* DetailViewController.m */ = {isa = PBXFileReference; fileEncoding = 4; lastKnownFileType = sourcecode.c.objc; path = DetailViewController.m; sourceTree = "<group>"; };
		AFFADF261BD2F2F100D3F3E2 /* AVFoundation.framework */ = {isa = PBXFileReference; lastKnownFileType = wrapper.framework; name = AVFoundation.framework; path = System/Library/Frameworks/AVFoundation.framework; sourceTree = SDKROOT; };
		AFFADF281BD2F6F100D3F3E2 /* CoreDataProcess.h */ = {isa = PBXFileReference; fileEncoding = 4; lastKnownFileType = sourcecode.c.h; path = CoreDataProcess.h; sourceTree = "<group>"; };
		AFFADF291BD2F6F100D3F3E2 /* CoreDataProcess.m */ = {isa = PBXFileReference; fileEncoding = 4; lastKnownFileType = sourcecode.c.objc; path = CoreDataProcess.m; sourceTree = "<group>"; };
		AFFADF311BD3DFB100D3F3E2 /* MediaPlayer.framework */ = {isa = PBXFileReference; lastKnownFileType = wrapper.framework; name = MediaPlayer.framework; path = System/Library/Frameworks/MediaPlayer.framework; sourceTree = SDKROOT; };
		FB545D0A3F9035D3F3368BA4 /* Pods.debug.xcconfig */ = {isa = PBXFileReference; includeInIndex = 1; lastKnownFileType = text.xcconfig; name = Pods.debug.xcconfig; path = "Pods/Target Support Files/Pods/Pods.debug.xcconfig"; sourceTree = "<group>"; };
/* End PBXFileReference section */

/* Begin PBXFrameworksBuildPhase section */
		AF9305ED1BD1F4E400147A15 /* Frameworks */ = {
			isa = PBXFrameworksBuildPhase;
			buildActionMask = 2147483647;
			files = (
				AFFADF321BD3DFB100D3F3E2 /* MediaPlayer.framework in Frameworks */,
				AFFADF271BD2F2F100D3F3E2 /* AVFoundation.framework in Frameworks */,
				7BF2DA65CF5C0266FFF5921C /* libPods.a in Frameworks */,
			);
			runOnlyForDeploymentPostprocessing = 0;
		};
		AF9306091BD1F4E400147A15 /* Frameworks */ = {
			isa = PBXFrameworksBuildPhase;
			buildActionMask = 2147483647;
			files = (
			);
			runOnlyForDeploymentPostprocessing = 0;
		};
		AF9306141BD1F4E400147A15 /* Frameworks */ = {
			isa = PBXFrameworksBuildPhase;
			buildActionMask = 2147483647;
			files = (
			);
			runOnlyForDeploymentPostprocessing = 0;
		};
/* End PBXFrameworksBuildPhase section */

/* Begin PBXGroup section */
		2E8B0C6D9E697C10CA624F35 /* Frameworks */ = {
			isa = PBXGroup;
			children = (
				AFFADF311BD3DFB100D3F3E2 /* MediaPlayer.framework */,
				AFFADF261BD2F2F100D3F3E2 /* AVFoundation.framework */,
				03DD6A2DF67B2D00926DC2E0 /* libPods.a */,
			);
			name = Frameworks;
			sourceTree = "<group>";
		};
		4A544614642F93FD977FBEBE /* Pods */ = {
			isa = PBXGroup;
			children = (
				FB545D0A3F9035D3F3368BA4 /* Pods.debug.xcconfig */,
				845987FBAEB42973A42F143D /* Pods.release.xcconfig */,
			);
			name = Pods;
			sourceTree = "<group>";
		};
		AF9305E71BD1F4E400147A15 = {
			isa = PBXGroup;
			children = (
				AFFADF1E1BD2D0EE00D3F3E2 /* podFile */,
				AF9305F21BD1F4E400147A15 /* MusicAppDemo */,
				AF93060F1BD1F4E400147A15 /* MusicAppDemoTests */,
				AF93061A1BD1F4E400147A15 /* MusicAppDemoUITests */,
				AF9305F11BD1F4E400147A15 /* Products */,
				4A544614642F93FD977FBEBE /* Pods */,
				2E8B0C6D9E697C10CA624F35 /* Frameworks */,
			);
			sourceTree = "<group>";
		};
		AF9305F11BD1F4E400147A15 /* Products */ = {
			isa = PBXGroup;
			children = (
				AF9305F01BD1F4E400147A15 /* MusicAppDemo.app */,
				AF93060C1BD1F4E400147A15 /* MusicAppDemoTests.xctest */,
				AF9306171BD1F4E400147A15 /* MusicAppDemoUITests.xctest */,
			);
			name = Products;
			sourceTree = "<group>";
		};
		AF9305F21BD1F4E400147A15 /* MusicAppDemo */ = {
			isa = PBXGroup;
			children = (
				AFFADF181BD2C6C400D3F3E2 /* Model */,
				AFFADF1A1BD2C6DE00D3F3E2 /* View */,
				AFFADF191BD2C6D000D3F3E2 /* Controller */,
				AF9305F31BD1F4E400147A15 /* Supporting Files */,
			);
			path = MusicAppDemo;
			sourceTree = "<group>";
		};
		AF9305F31BD1F4E400147A15 /* Supporting Files */ = {
			isa = PBXGroup;
			children = (
				AF9306021BD1F4E400147A15 /* Assets.xcassets */,
				AF9305FF1BD1F4E400147A15 /* MusicAppDemo.xcdatamodeld */,
				AF9305FC1BD1F4E400147A15 /* Main.storyboard */,
				AF9306041BD1F4E400147A15 /* LaunchScreen.storyboard */,
				AF9306071BD1F4E400147A15 /* Info.plist */,
				AF9305F41BD1F4E400147A15 /* main.m */,
			);
			name = "Supporting Files";
			sourceTree = "<group>";
		};
		AF93060F1BD1F4E400147A15 /* MusicAppDemoTests */ = {
			isa = PBXGroup;
			children = (
				AF9306101BD1F4E400147A15 /* MusicAppDemoTests.m */,
				AF9306121BD1F4E400147A15 /* Info.plist */,
			);
			path = MusicAppDemoTests;
			sourceTree = "<group>";
		};
		AF93061A1BD1F4E400147A15 /* MusicAppDemoUITests */ = {
			isa = PBXGroup;
			children = (
				AF93061B1BD1F4E400147A15 /* MusicAppDemoUITests.m */,
				AF93061D1BD1F4E400147A15 /* Info.plist */,
			);
			path = MusicAppDemoUITests;
			sourceTree = "<group>";
		};
		AFFADF181BD2C6C400D3F3E2 /* Model */ = {
			isa = PBXGroup;
			children = (
				AFFADF1B1BD2D0CD00D3F3E2 /* FetchWebData.h */,
				AFFADF1C1BD2D0CD00D3F3E2 /* FetchWebData.m */,
				AFFADF281BD2F6F100D3F3E2 /* CoreDataProcess.h */,
				AFFADF291BD2F6F100D3F3E2 /* CoreDataProcess.m */,
			);
			name = Model;
			sourceTree = "<group>";
		};
		AFFADF191BD2C6D000D3F3E2 /* Controller */ = {
			isa = PBXGroup;
			children = (
				AF9305F61BD1F4E400147A15 /* AppDelegate.h */,
				AF9305F71BD1F4E400147A15 /* AppDelegate.m */,
				AF9305F91BD1F4E400147A15 /* MainViewController.h */,
				AF9305FA1BD1F4E400147A15 /* MainViewController.m */,
				AFFADF121BD2B9DC00D3F3E2 /* PlayListTableViewController.h */,
				AFFADF131BD2B9DC00D3F3E2 /* PlayListTableViewController.m */,
				AFFADF231BD2EE4300D3F3E2 /* DetailViewController.h */,
				AFFADF241BD2EE4300D3F3E2 /* DetailViewController.m */,
				AF1681481BD4670A0064BBF3 /* CommentTableViewController.h */,
				AF1681491BD4670A0064BBF3 /* CommentTableViewController.m */,
				AF16814B1BD467A20064BBF3 /* WriteCommentsViewController.h */,
				AF16814C1BD467A20064BBF3 /* WriteCommentsViewController.m */,
			);
			name = Controller;
			sourceTree = "<group>";
		};
		AFFADF1A1BD2C6DE00D3F3E2 /* View */ = {
			isa = PBXGroup;
			children = (
				AFFADF201BD2D47300D3F3E2 /* mainTableViewCell.h */,
				AFFADF211BD2D47300D3F3E2 /* mainTableViewCell.m */,
				AF16814E1BD467F80064BBF3 /* CommentsTableViewCell.h */,
				AF16814F1BD467F80064BBF3 /* CommentsTableViewCell.m */,
				AF16815D1BD485E60064BBF3 /* DetailEntity+CoreDataProperties.h */,
				AF16815E1BD485E60064BBF3 /* DetailEntity+CoreDataProperties.m */,
				AF16815F1BD485E60064BBF3 /* DetailEntity.h */,
				AF1681601BD485E60064BBF3 /* DetailEntity.m */,
				AF1681691BD486100064BBF3 /* LikeEntity+CoreDataProperties.h */,
				AF16816A1BD486100064BBF3 /* LikeEntity+CoreDataProperties.m */,
				AF16816B1BD486100064BBF3 /* LikeEntity.h */,
				AF16816C1BD486100064BBF3 /* LikeEntity.m */,
			);
			name = View;
			sourceTree = "<group>";
		};
/* End PBXGroup section */

/* Begin PBXNativeTarget section */
		AF9305EF1BD1F4E400147A15 /* MusicAppDemo */ = {
			isa = PBXNativeTarget;
			buildConfigurationList = AF9306201BD1F4E400147A15 /* Build configuration list for PBXNativeTarget "MusicAppDemo" */;
			buildPhases = (
				F42DE647FB8B168BE8300948 /* Check Pods Manifest.lock */,
				AF9305EC1BD1F4E400147A15 /* Sources */,
				AF9305ED1BD1F4E400147A15 /* Frameworks */,
				AF9305EE1BD1F4E400147A15 /* Resources */,
				B23EDBFF575E160DFDD3CFCB /* Copy Pods Resources */,
			);
			buildRules = (
			);
			dependencies = (
			);
			name = MusicAppDemo;
			productName = MusicAppDemo;
			productReference = AF9305F01BD1F4E400147A15 /* MusicAppDemo.app */;
			productType = "com.apple.product-type.application";
		};
		AF93060B1BD1F4E400147A15 /* MusicAppDemoTests */ = {
			isa = PBXNativeTarget;
			buildConfigurationList = AF9306231BD1F4E400147A15 /* Build configuration list for PBXNativeTarget "MusicAppDemoTests" */;
			buildPhases = (
				AF9306081BD1F4E400147A15 /* Sources */,
				AF9306091BD1F4E400147A15 /* Frameworks */,
				AF93060A1BD1F4E400147A15 /* Resources */,
			);
			buildRules = (
			);
			dependencies = (
				AF93060E1BD1F4E400147A15 /* PBXTargetDependency */,
			);
			name = MusicAppDemoTests;
			productName = MusicAppDemoTests;
			productReference = AF93060C1BD1F4E400147A15 /* MusicAppDemoTests.xctest */;
			productType = "com.apple.product-type.bundle.unit-test";
		};
		AF9306161BD1F4E400147A15 /* MusicAppDemoUITests */ = {
			isa = PBXNativeTarget;
			buildConfigurationList = AF9306261BD1F4E400147A15 /* Build configuration list for PBXNativeTarget "MusicAppDemoUITests" */;
			buildPhases = (
				AF9306131BD1F4E400147A15 /* Sources */,
				AF9306141BD1F4E400147A15 /* Frameworks */,
				AF9306151BD1F4E400147A15 /* Resources */,
			);
			buildRules = (
			);
			dependencies = (
				AF9306191BD1F4E400147A15 /* PBXTargetDependency */,
			);
			name = MusicAppDemoUITests;
			productName = MusicAppDemoUITests;
			productReference = AF9306171BD1F4E400147A15 /* MusicAppDemoUITests.xctest */;
			productType = "com.apple.product-type.bundle.ui-testing";
		};
/* End PBXNativeTarget section */

/* Begin PBXProject section */
		AF9305E81BD1F4E400147A15 /* Project object */ = {
			isa = PBXProject;
			attributes = {
				LastUpgradeCheck = 0700;
				ORGANIZATIONNAME = "Chengzhi Jia";
				TargetAttributes = {
					AF9305EF1BD1F4E400147A15 = {
						CreatedOnToolsVersion = 7.0.1;
						DevelopmentTeam = 78A73LK6Q3;
					};
					AF93060B1BD1F4E400147A15 = {
						CreatedOnToolsVersion = 7.0.1;
						DevelopmentTeam = 78A73LK6Q3;
						TestTargetID = AF9305EF1BD1F4E400147A15;
					};
					AF9306161BD1F4E400147A15 = {
						CreatedOnToolsVersion = 7.0.1;
						DevelopmentTeam = 78A73LK6Q3;
						TestTargetID = AF9305EF1BD1F4E400147A15;
					};
				};
			};
			buildConfigurationList = AF9305EB1BD1F4E400147A15 /* Build configuration list for PBXProject "MusicAppDemo" */;
			compatibilityVersion = "Xcode 3.2";
			developmentRegion = English;
			hasScannedForEncodings = 0;
			knownRegions = (
				en,
				Base,
			);
			mainGroup = AF9305E71BD1F4E400147A15;
			productRefGroup = AF9305F11BD1F4E400147A15 /* Products */;
			projectDirPath = "";
			projectRoot = "";
			targets = (
				AF9305EF1BD1F4E400147A15 /* MusicAppDemo */,
				AF93060B1BD1F4E400147A15 /* MusicAppDemoTests */,
				AF9306161BD1F4E400147A15 /* MusicAppDemoUITests */,
			);
		};
/* End PBXProject section */

/* Begin PBXResourcesBuildPhase section */
		AF9305EE1BD1F4E400147A15 /* Resources */ = {
			isa = PBXResourcesBuildPhase;
			buildActionMask = 2147483647;
			files = (
				AF9306061BD1F4E400147A15 /* LaunchScreen.storyboard in Resources */,
				AF9306031BD1F4E400147A15 /* Assets.xcassets in Resources */,
				AFFADF1F1BD2D0EE00D3F3E2 /* podFile in Resources */,
				AF9305FE1BD1F4E400147A15 /* Main.storyboard in Resources */,
			);
			runOnlyForDeploymentPostprocessing = 0;
		};
		AF93060A1BD1F4E400147A15 /* Resources */ = {
			isa = PBXResourcesBuildPhase;
			buildActionMask = 2147483647;
			files = (
			);
			runOnlyForDeploymentPostprocessing = 0;
		};
		AF9306151BD1F4E400147A15 /* Resources */ = {
			isa = PBXResourcesBuildPhase;
			buildActionMask = 2147483647;
			files = (
			);
			runOnlyForDeploymentPostprocessing = 0;
		};
/* End PBXResourcesBuildPhase section */

/* Begin PBXShellScriptBuildPhase section */
		B23EDBFF575E160DFDD3CFCB /* Copy Pods Resources */ = {
			isa = PBXShellScriptBuildPhase;
			buildActionMask = 2147483647;
			files = (
			);
			inputPaths = (
			);
			name = "Copy Pods Resources";
			outputPaths = (
			);
			runOnlyForDeploymentPostprocessing = 0;
			shellPath = /bin/sh;
			shellScript = "\"${SRCROOT}/Pods/Target Support Files/Pods/Pods-resources.sh\"\n";
			showEnvVarsInLog = 0;
		};
		F42DE647FB8B168BE8300948 /* Check Pods Manifest.lock */ = {
			isa = PBXShellScriptBuildPhase;
			buildActionMask = 2147483647;
			files = (
			);
			inputPaths = (
			);
			name = "Check Pods Manifest.lock";
			outputPaths = (
			);
			runOnlyForDeploymentPostprocessing = 0;
			shellPath = /bin/sh;
			shellScript = "diff \"${PODS_ROOT}/../Podfile.lock\" \"${PODS_ROOT}/Manifest.lock\" > /dev/null\nif [[ $? != 0 ]] ; then\n    cat << EOM\nerror: The sandbox is not in sync with the Podfile.lock. Run 'pod install' or update your CocoaPods installation.\nEOM\n    exit 1\nfi\n";
			showEnvVarsInLog = 0;
		};
/* End PBXShellScriptBuildPhase section */

/* Begin PBXSourcesBuildPhase section */
		AF9305EC1BD1F4E400147A15 /* Sources */ = {
			isa = PBXSourcesBuildPhase;
			buildActionMask = 2147483647;
			files = (
				AF16814D1BD467A20064BBF3 /* WriteCommentsViewController.m in Sources */,
				AFFADF141BD2B9DC00D3F3E2 /* PlayListTableViewController.m in Sources */,
				AF16814A1BD4670A0064BBF3 /* CommentTableViewController.m in Sources */,
				AF1681501BD467F80064BBF3 /* CommentsTableViewCell.m in Sources */,
				AF9306011BD1F4E400147A15 /* MusicAppDemo.xcdatamodeld in Sources */,
				AF9305FB1BD1F4E400147A15 /* MainViewController.m in Sources */,
				AFFADF251BD2EE4300D3F3E2 /* DetailViewController.m in Sources */,
				AF9305F81BD1F4E400147A15 /* AppDelegate.m in Sources */,
				AF9305F51BD1F4E400147A15 /* main.m in Sources */,
				AF16816E1BD486100064BBF3 /* LikeEntity.m in Sources */,
				AF16816D1BD486100064BBF3 /* LikeEntity+CoreDataProperties.m in Sources */,
				AF1681621BD485E60064BBF3 /* DetailEntity.m in Sources */,
				AFFADF1D1BD2D0CD00D3F3E2 /* FetchWebData.m in Sources */,
				AFFADF221BD2D47300D3F3E2 /* mainTableViewCell.m in Sources */,
				AFFADF2A1BD2F6F100D3F3E2 /* CoreDataProcess.m in Sources */,
				AF1681611BD485E60064BBF3 /* DetailEntity+CoreDataProperties.m in Sources */,
			);
			runOnlyForDeploymentPostprocessing = 0;
		};
		AF9306081BD1F4E400147A15 /* Sources */ = {
			isa = PBXSourcesBuildPhase;
			buildActionMask = 2147483647;
			files = (
				AF9306111BD1F4E400147A15 /* MusicAppDemoTests.m in Sources */,
			);
			runOnlyForDeploymentPostprocessing = 0;
		};
		AF9306131BD1F4E400147A15 /* Sources */ = {
			isa = PBXSourcesBuildPhase;
			buildActionMask = 2147483647;
			files = (
				AF93061C1BD1F4E400147A15 /* MusicAppDemoUITests.m in Sources */,
			);
			runOnlyForDeploymentPostprocessing = 0;
		};
/* End PBXSourcesBuildPhase section */

/* Begin PBXTargetDependency section */
		AF93060E1BD1F4E400147A15 /* PBXTargetDependency */ = {
			isa = PBXTargetDependency;
			target = AF9305EF1BD1F4E400147A15 /* MusicAppDemo */;
			targetProxy = AF93060D1BD1F4E400147A15 /* PBXContainerItemProxy */;
		};
		AF9306191BD1F4E400147A15 /* PBXTargetDependency */ = {
			isa = PBXTargetDependency;
			target = AF9305EF1BD1F4E400147A15 /* MusicAppDemo */;
			targetProxy = AF9306181BD1F4E400147A15 /* PBXContainerItemProxy */;
		};
/* End PBXTargetDependency section */

/* Begin PBXVariantGroup section */
		AF9305FC1BD1F4E400147A15 /* Main.storyboard */ = {
			isa = PBXVariantGroup;
			children = (
				AF9305FD1BD1F4E400147A15 /* Base */,
			);
			name = Main.storyboard;
			sourceTree = "<group>";
		};
		AF9306041BD1F4E400147A15 /* LaunchScreen.storyboard */ = {
			isa = PBXVariantGroup;
			children = (
				AF9306051BD1F4E400147A15 /* Base */,
			);
			name = LaunchScreen.storyboard;
			sourceTree = "<group>";
		};
/* End PBXVariantGroup section */

/* Begin XCBuildConfiguration section */
		AF93061E1BD1F4E400147A15 /* Debug */ = {
			isa = XCBuildConfiguration;
			buildSettings = {
				ALWAYS_SEARCH_USER_PATHS = NO;
				CLANG_CXX_LANGUAGE_STANDARD = "gnu++0x";
				CLANG_CXX_LIBRARY = "libc++";
				CLANG_ENABLE_MODULES = YES;
				CLANG_ENABLE_OBJC_ARC = YES;
				CLANG_WARN_BOOL_CONVERSION = YES;
				CLANG_WARN_CONSTANT_CONVERSION = YES;
				CLANG_WARN_DIRECT_OBJC_ISA_USAGE = YES_ERROR;
				CLANG_WARN_EMPTY_BODY = YES;
				CLANG_WARN_ENUM_CONVERSION = YES;
				CLANG_WARN_INT_CONVERSION = YES;
				CLANG_WARN_OBJC_ROOT_CLASS = YES_ERROR;
				CLANG_WARN_UNREACHABLE_CODE = YES;
				CLANG_WARN__DUPLICATE_METHOD_MATCH = YES;
				"CODE_SIGN_IDENTITY[sdk=iphoneos*]" = "iPhone Developer";
				COPY_PHASE_STRIP = NO;
				DEBUG_INFORMATION_FORMAT = dwarf;
				ENABLE_STRICT_OBJC_MSGSEND = YES;
				ENABLE_TESTABILITY = YES;
				GCC_C_LANGUAGE_STANDARD = gnu99;
				GCC_DYNAMIC_NO_PIC = NO;
				GCC_NO_COMMON_BLOCKS = YES;
				GCC_OPTIMIZATION_LEVEL = 0;
				GCC_PREPROCESSOR_DEFINITIONS = (
					"DEBUG=1",
					"$(inherited)",
				);
				GCC_WARN_64_TO_32_BIT_CONVERSION = YES;
				GCC_WARN_ABOUT_RETURN_TYPE = YES_ERROR;
				GCC_WARN_UNDECLARED_SELECTOR = YES;
				GCC_WARN_UNINITIALIZED_AUTOS = YES_AGGRESSIVE;
				GCC_WARN_UNUSED_FUNCTION = YES;
				GCC_WARN_UNUSED_VARIABLE = YES;
				IPHONEOS_DEPLOYMENT_TARGET = 9.0;
				MTL_ENABLE_DEBUG_INFO = YES;
				ONLY_ACTIVE_ARCH = YES;
				SDKROOT = iphoneos;
			};
			name = Debug;
		};
		AF93061F1BD1F4E400147A15 /* Release */ = {
			isa = XCBuildConfiguration;
			buildSettings = {
				ALWAYS_SEARCH_USER_PATHS = NO;
				CLANG_CXX_LANGUAGE_STANDARD = "gnu++0x";
				CLANG_CXX_LIBRARY = "libc++";
				CLANG_ENABLE_MODULES = YES;
				CLANG_ENABLE_OBJC_ARC = YES;
				CLANG_WARN_BOOL_CONVERSION = YES;
				CLANG_WARN_CONSTANT_CONVERSION = YES;
				CLANG_WARN_DIRECT_OBJC_ISA_USAGE = YES_ERROR;
				CLANG_WARN_EMPTY_BODY = YES;
				CLANG_WARN_ENUM_CONVERSION = YES;
				CLANG_WARN_INT_CONVERSION = YES;
				CLANG_WARN_OBJC_ROOT_CLASS = YES_ERROR;
				CLANG_WARN_UNREACHABLE_CODE = YES;
				CLANG_WARN__DUPLICATE_METHOD_MATCH = YES;
				"CODE_SIGN_IDENTITY[sdk=iphoneos*]" = "iPhone Developer";
				COPY_PHASE_STRIP = NO;
				DEBUG_INFORMATION_FORMAT = "dwarf-with-dsym";
				ENABLE_NS_ASSERTIONS = NO;
				ENABLE_STRICT_OBJC_MSGSEND = YES;
				GCC_C_LANGUAGE_STANDARD = gnu99;
				GCC_NO_COMMON_BLOCKS = YES;
				GCC_WARN_64_TO_32_BIT_CONVERSION = YES;
				GCC_WARN_ABOUT_RETURN_TYPE = YES_ERROR;
				GCC_WARN_UNDECLARED_SELECTOR = YES;
				GCC_WARN_UNINITIALIZED_AUTOS = YES_AGGRESSIVE;
				GCC_WARN_UNUSED_FUNCTION = YES;
				GCC_WARN_UNUSED_VARIABLE = YES;
				IPHONEOS_DEPLOYMENT_TARGET = 9.0;
				MTL_ENABLE_DEBUG_INFO = NO;
				SDKROOT = iphoneos;
				VALIDATE_PRODUCT = YES;
			};
			name = Release;
		};
		AF9306211BD1F4E400147A15 /* Debug */ = {
			isa = XCBuildConfiguration;
			baseConfigurationReference = FB545D0A3F9035D3F3368BA4 /* Pods.debug.xcconfig */;
			buildSettings = {
				ASSETCATALOG_COMPILER_APPICON_NAME = AppIcon;
				INFOPLIST_FILE = MusicAppDemo/Info.plist;
				LD_RUNPATH_SEARCH_PATHS = "$(inherited) @executable_path/Frameworks";
				PRODUCT_BUNDLE_IDENTIFIER = "Chengzhi-Jia.MusicAppDemo";
				PRODUCT_NAME = "$(TARGET_NAME)";
			};
			name = Debug;
		};
		AF9306221BD1F4E400147A15 /* Release */ = {
			isa = XCBuildConfiguration;
			baseConfigurationReference = 845987FBAEB42973A42F143D /* Pods.release.xcconfig */;
			buildSettings = {
				ASSETCATALOG_COMPILER_APPICON_NAME = AppIcon;
				INFOPLIST_FILE = MusicAppDemo/Info.plist;
				LD_RUNPATH_SEARCH_PATHS = "$(inherited) @executable_path/Frameworks";
				PRODUCT_BUNDLE_IDENTIFIER = "Chengzhi-Jia.MusicAppDemo";
				PRODUCT_NAME = "$(TARGET_NAME)";
			};
			name = Release;
		};
		AF9306241BD1F4E400147A15 /* Debug */ = {
			isa = XCBuildConfiguration;
			buildSettings = {
				BUNDLE_LOADER = "$(TEST_HOST)";
				INFOPLIST_FILE = MusicAppDemoTests/Info.plist;
				LD_RUNPATH_SEARCH_PATHS = "$(inherited) @executable_path/Frameworks @loader_path/Frameworks";
				PRODUCT_BUNDLE_IDENTIFIER = "Chengzhi-Jia.MusicAppDemoTests";
				PRODUCT_NAME = "$(TARGET_NAME)";
				TEST_HOST = "$(BUILT_PRODUCTS_DIR)/MusicAppDemo.app/MusicAppDemo";
			};
			name = Debug;
		};
		AF9306251BD1F4E400147A15 /* Release */ = {
			isa = XCBuildConfiguration;
			buildSettings = {
				BUNDLE_LOADER = "$(TEST_HOST)";
				INFOPLIST_FILE = MusicAppDemoTests/Info.plist;
				LD_RUNPATH_SEARCH_PATHS = "$(inherited) @executable_path/Frameworks @loader_path/Frameworks";
				PRODUCT_BUNDLE_IDENTIFIER = "Chengzhi-Jia.MusicAppDemoTests";
				PRODUCT_NAME = "$(TARGET_NAME)";
				TEST_HOST = "$(BUILT_PRODUCTS_DIR)/MusicAppDemo.app/MusicAppDemo";
			};
			name = Release;
		};
		AF9306271BD1F4E400147A15 /* Debug */ = {
			isa = XCBuildConfiguration;
			buildSettings = {
				INFOPLIST_FILE = MusicAppDemoUITests/Info.plist;
				LD_RUNPATH_SEARCH_PATHS = "$(inherited) @executable_path/Frameworks @loader_path/Frameworks";
				PRODUCT_BUNDLE_IDENTIFIER = "Chengzhi-Jia.MusicAppDemoUITests";
				PRODUCT_NAME = "$(TARGET_NAME)";
				TEST_TARGET_NAME = MusicAppDemo;
				USES_XCTRUNNER = YES;
			};
			name = Debug;
		};
		AF9306281BD1F4E400147A15 /* Release */ = {
			isa = XCBuildConfiguration;
			buildSettings = {
				INFOPLIST_FILE = MusicAppDemoUITests/Info.plist;
				LD_RUNPATH_SEARCH_PATHS = "$(inherited) @executable_path/Frameworks @loader_path/Frameworks";
				PRODUCT_BUNDLE_IDENTIFIER = "Chengzhi-Jia.MusicAppDemoUITests";
				PRODUCT_NAME = "$(TARGET_NAME)";
				TEST_TARGET_NAME = MusicAppDemo;
				USES_XCTRUNNER = YES;
			};
			name = Release;
		};
/* End XCBuildConfiguration section */

/* Begin XCConfigurationList section */
		AF9305EB1BD1F4E400147A15 /* Build configuration list for PBXProject "MusicAppDemo" */ = {
			isa = XCConfigurationList;
			buildConfigurations = (
				AF93061E1BD1F4E400147A15 /* Debug */,
				AF93061F1BD1F4E400147A15 /* Release */,
			);
			defaultConfigurationIsVisible = 0;
			defaultConfigurationName = Release;
		};
		AF9306201BD1F4E400147A15 /* Build configuration list for PBXNativeTarget "MusicAppDemo" */ = {
			isa = XCConfigurationList;
			buildConfigurations = (
				AF9306211BD1F4E400147A15 /* Debug */,
				AF9306221BD1F4E400147A15 /* Release */,
			);
			defaultConfigurationIsVisible = 0;
			defaultConfigurationName = Release;
		};
		AF9306231BD1F4E400147A15 /* Build configuration list for PBXNativeTarget "MusicAppDemoTests" */ = {
			isa = XCConfigurationList;
			buildConfigurations = (
				AF9306241BD1F4E400147A15 /* Debug */,
				AF9306251BD1F4E400147A15 /* Release */,
			);
			defaultConfigurationIsVisible = 0;
			defaultConfigurationName = Release;
		};
		AF9306261BD1F4E400147A15 /* Build configuration list for PBXNativeTarget "MusicAppDemoUITests" */ = {
			isa = XCConfigurationList;
			buildConfigurations = (
				AF9306271BD1F4E400147A15 /* Debug */,
				AF9306281BD1F4E400147A15 /* Release */,
			);
			defaultConfigurationIsVisible = 0;
			defaultConfigurationName = Release;
		};
/* End XCConfigurationList section */

/* Begin XCVersionGroup section */
		AF9305FF1BD1F4E400147A15 /* MusicAppDemo.xcdatamodeld */ = {
			isa = XCVersionGroup;
			children = (
				AF9306001BD1F4E400147A15 /* MusicAppDemo.xcdatamodel */,
			);
			currentVersion = AF9306001BD1F4E400147A15 /* MusicAppDemo.xcdatamodel */;
			path = MusicAppDemo.xcdatamodeld;
			sourceTree = "<group>";
			versionGroupType = wrapper.xcdatamodel;
		};
/* End XCVersionGroup section */
	};
	rootObject = AF9305E81BD1F4E400147A15 /* Project object */;
}
